
Microsoft Visual Studio Solution File, Format Version 12.00
# Visual Studio Version 16
VisualStudioVersion = 16.0.32602.291
MinimumVisualStudioVersion = 10.0.40219.1
Project("{8BC9CEB8-8B4A-11D0-8D11-00A0C91BC942}") = "Week2Vehicles", "Week2Vehicles\Week2Vehicles.vcxproj", "{117AA70B-E609-449D-B80E-738EEFF464EB}"
EndProject
Global
	GlobalSection(SolutionConfigurationPlatforms) = preSolution
		Debug|x64 = Debug|x64
		Debug|x86 = Debug|x86
		Release|x64 = Release|x64
		Release|x86 = Release|x86
	EndGlobalSection
	GlobalSection(ProjectConfigurationPlatforms) = postSolution
		{117AA70B-E609-449D-B80E-738EEFF464EB}.Debug|x64.ActiveCfg = Debug|x64
		{117AA70B-E609-449D-B80E-738EEFF464EB}.Debug|x64.Build.0 = Debug|x64
		{117AA70B-E609-449D-B80E-738EEFF464EB}.Debug|x86.ActiveCfg = Debug|Win32
		{117AA70B-E609-449D-B80E-738EEFF464EB}.Debug|x86.Build.0 = Debug|Win32
		{117AA70B-E609-449D-B80E-738EEFF464EB}.Release|x64.ActiveCfg = Release|x64
		{117AA70B-E609-449D-B80E-738EEFF464EB}.Release|x64.Build.0 = Release|x64
		{117AA70B-E609-449D-B80E-738EEFF464EB}.Release|x86.ActiveCfg = Release|Win32
		{117AA70B-E609-449D-B80E-738EEFF464EB}.Release|x86.Build.0 = Release|Win32
	EndGlobalSection
	GlobalSection(SolutionProperties) = preSolution
		HideSolutionNode = FALSE
	EndGlobalSection
	GlobalSection(ExtensibilityGlobals) = postSolution
		SolutionGuid = {31A80C93-10C9-4E2E-9894-3421E7692649}
	EndGlobalSection
EndGlobal
